
Microsoft Visual Studio Solution File, Format Version 12.00
# Visual Studio Version 17
VisualStudioVersion = 17.7.34031.279
MinimumVisualStudioVersion = 10.0.40219.1
Project("{8BC9CEB8-8B4A-11D0-8D11-00A0C91BC942}") = "Abstraction and encapsulation 01", "Abstraction and encapsulation 01\Abstraction and encapsulation 01.vcxproj", "{187037B6-6792-4043-B36D-12D3D5138FA2}"
EndProject
Global
	GlobalSection(SolutionConfigurationPlatforms) = preSolution
		Debug|x64 = Debug|x64
		Debug|x86 = Debug|x86
		Release|x64 = Release|x64
		Release|x86 = Release|x86
	EndGlobalSection
	GlobalSection(ProjectConfigurationPlatforms) = postSolution
		{187037B6-6792-4043-B36D-12D3D5138FA2}.Debug|x64.ActiveCfg = Debug|x64
		{187037B6-6792-4043-B36D-12D3D5138FA2}.Debug|x64.Build.0 = Debug|x64
		{187037B6-6792-4043-B36D-12D3D5138FA2}.Debug|x86.ActiveCfg = Debug|Win32
		{187037B6-6792-4043-B36D-12D3D5138FA2}.Debug|x86.Build.0 = Debug|Win32
		{187037B6-6792-4043-B36D-12D3D5138FA2}.Release|x64.ActiveCfg = Release|x64
		{187037B6-6792-4043-B36D-12D3D5138FA2}.Release|x64.Build.0 = Release|x64
		{187037B6-6792-4043-B36D-12D3D5138FA2}.Release|x86.ActiveCfg = Release|Win32
		{187037B6-6792-4043-B36D-12D3D5138FA2}.Release|x86.Build.0 = Release|Win32
	EndGlobalSection
	GlobalSection(SolutionProperties) = preSolution
		HideSolutionNode = FALSE
	EndGlobalSection
	GlobalSection(ExtensibilityGlobals) = postSolution
		SolutionGuid = {BC7435AD-FE9C-419B-A96F-BA475D7E7CFA}
	EndGlobalSection
EndGlobal
